// !$*UTF8*$!
{
	archiveVersion = 1;
	classes = {
	};
	objectVersion = 48;
	objects = {

/* Begin PBXBuildFile section */
		401EC4432020F1D200D31C72 /* AppDelegate.swift in Sources */ = {isa = PBXBuildFile; fileRef = 401EC4422020F1D200D31C72 /* AppDelegate.swift */; };
		401EC4452020F1D200D31C72 /* ViewController.swift in Sources */ = {isa = PBXBuildFile; fileRef = 401EC4442020F1D200D31C72 /* ViewController.swift */; };
		401EC4482020F1D200D31C72 /* Main.storyboard in Resources */ = {isa = PBXBuildFile; fileRef = 401EC4462020F1D200D31C72 /* Main.storyboard */; };
		401EC44A2020F1D200D31C72 /* Assets.xcassets in Resources */ = {isa = PBXBuildFile; fileRef = 401EC4492020F1D200D31C72 /* Assets.xcassets */; };
		401EC44D2020F1D200D31C72 /* LaunchScreen.storyboard in Resources */ = {isa = PBXBuildFile; fileRef = 401EC44B2020F1D200D31C72 /* LaunchScreen.storyboard */; };
		401EC4582020F1D200D31C72 /* Click_BaitTests.swift in Sources */ = {isa = PBXBuildFile; fileRef = 401EC4572020F1D200D31C72 /* Click_BaitTests.swift */; };
		401EC4632020F1D200D31C72 /* Click_BaitUITests.swift in Sources */ = {isa = PBXBuildFile; fileRef = 401EC4622020F1D200D31C72 /* Click_BaitUITests.swift */; };
/* End PBXBuildFile section */

/* Begin PBXContainerItemProxy section */
		401EC4542020F1D200D31C72 /* PBXContainerItemProxy */ = {
			isa = PBXContainerItemProxy;
			containerPortal = 401EC4372020F1D200D31C72 /* Project object */;
			proxyType = 1;
			remoteGlobalIDString = 401EC43E2020F1D200D31C72;
			remoteInfo = "Click Bait";
		};
		401EC45F2020F1D200D31C72 /* PBXContainerItemProxy */ = {
			isa = PBXContainerItemProxy;
			containerPortal = 401EC4372020F1D200D31C72 /* Project object */;
			proxyType = 1;
			remoteGlobalIDString = 401EC43E2020F1D200D31C72;
			remoteInfo = "Click Bait";
		};
/* End PBXContainerItemProxy section */

/* Begin PBXFileReference section */
		401EC43F2020F1D200D31C72 /* Click Bait.app */ = {isa = PBXFileReference; explicitFileType = wrapper.application; includeInIndex = 0; path = "Click Bait.app"; sourceTree = BUILT_PRODUCTS_DIR; };
		401EC4422020F1D200D31C72 /* AppDelegate.swift */ = {isa = PBXFileReference; lastKnownFileType = sourcecode.swift; path = AppDelegate.swift; sourceTree = "<group>"; };
		401EC4442020F1D200D31C72 /* ViewController.swift */ = {isa = PBXFileReference; lastKnownFileType = sourcecode.swift; path = ViewController.swift; sourceTree = "<group>"; };
		401EC4472020F1D200D31C72 /* Base */ = {isa = PBXFileReference; lastKnownFileType = file.storyboard; name = Base; path = Base.lproj/Main.storyboard; sourceTree = "<group>"; };
		401EC4492020F1D200D31C72 /* Assets.xcassets */ = {isa = PBXFileReference; lastKnownFileType = folder.assetcatalog; path = Assets.xcassets; sourceTree = "<group>"; };
		401EC44C2020F1D200D31C72 /* Base */ = {isa = PBXFileReference; lastKnownFileType = file.storyboard; name = Base; path = Base.lproj/LaunchScreen.storyboard; sourceTree = "<group>"; };
		401EC44E2020F1D200D31C72 /* Info.plist */ = {isa = PBXFileReference; lastKnownFileType = text.plist.xml; path = Info.plist; sourceTree = "<group>"; };
		401EC4532020F1D200D31C72 /* Click BaitTests.xctest */ = {isa = PBXFileReference; explicitFileType = wrapper.cfbundle; includeInIndex = 0; path = "Click BaitTests.xctest"; sourceTree = BUILT_PRODUCTS_DIR; };
		401EC4572020F1D200D31C72 /* Click_BaitTests.swift */ = {isa = PBXFileReference; lastKnownFileType = sourcecode.swift; path = Click_BaitTests.swift; sourceTree = "<group>"; };
		401EC4592020F1D200D31C72 /* Info.plist */ = {isa = PBXFileReference; lastKnownFileType = text.plist.xml; path = Info.plist; sourceTree = "<group>"; };
		401EC45E2020F1D200D31C72 /* Click BaitUITests.xctest */ = {isa = PBXFileReference; explicitFileType = wrapper.cfbundle; includeInIndex = 0; path = "Click BaitUITests.xctest"; sourceTree = BUILT_PRODUCTS_DIR; };
		401EC4622020F1D200D31C72 /* Click_BaitUITests.swift */ = {isa = PBXFileReference; lastKnownFileType = sourcecode.swift; path = Click_BaitUITests.swift; sourceTree = "<group>"; };
		401EC4642020F1D200D31C72 /* Info.plist */ = {isa = PBXFileReference; lastKnownFileType = text.plist.xml; path = Info.plist; sourceTree = "<group>"; };
/* End PBXFileReference section */

/* Begin PBXFrameworksBuildPhase section */
		401EC43C2020F1D200D31C72 /* Frameworks */ = {
			isa = PBXFrameworksBuildPhase;
			buildActionMask = 2147483647;
			files = (
			);
			runOnlyForDeploymentPostprocessing = 0;
		};
		401EC4502020F1D200D31C72 /* Frameworks */ = {
			isa = PBXFrameworksBuildPhase;
			buildActionMask = 2147483647;
			files = (
			);
			runOnlyForDeploymentPostprocessing = 0;
		};
		401EC45B2020F1D200D31C72 /* Frameworks */ = {
			isa = PBXFrameworksBuildPhase;
			buildActionMask = 2147483647;
			files = (
			);
			runOnlyForDeploymentPostprocessing = 0;
		};
/* End PBXFrameworksBuildPhase section */

/* Begin PBXGroup section */
		401EC4362020F1D200D31C72 = {
			isa = PBXGroup;
			children = (
				401EC4412020F1D200D31C72 /* Click Bait */,
				401EC4562020F1D200D31C72 /* Click BaitTests */,
				401EC4612020F1D200D31C72 /* Click BaitUITests */,
				401EC4402020F1D200D31C72 /* Products */,
			);
			sourceTree = "<group>";
		};
		401EC4402020F1D200D31C72 /* Products */ = {
			isa = PBXGroup;
			children = (
				401EC43F2020F1D200D31C72 /* Click Bait.app */,
				401EC4532020F1D200D31C72 /* Click BaitTests.xctest */,
				401EC45E2020F1D200D31C72 /* Click BaitUITests.xctest */,
			);
			name = Products;
			sourceTree = "<group>";
		};
		401EC4412020F1D200D31C72 /* Click Bait */ = {
			isa = PBXGroup;
			children = (
				401EC4422020F1D200D31C72 /* AppDelegate.swift */,
				401EC4442020F1D200D31C72 /* ViewController.swift */,
				401EC4462020F1D200D31C72 /* Main.storyboard */,
				401EC4492020F1D200D31C72 /* Assets.xcassets */,
				401EC44B2020F1D200D31C72 /* LaunchScreen.storyboard */,
				401EC44E2020F1D200D31C72 /* Info.plist */,
			);
			path = "Click Bait";
			sourceTree = "<group>";
		};
		401EC4562020F1D200D31C72 /* Click BaitTests */ = {
			isa = PBXGroup;
			children = (
				401EC4572020F1D200D31C72 /* Click_BaitTests.swift */,
				401EC4592020F1D200D31C72 /* Info.plist */,
			);
			path = "Click BaitTests";
			sourceTree = "<group>";
		};
		401EC4612020F1D200D31C72 /* Click BaitUITests */ = {
			isa = PBXGroup;
			children = (
				401EC4622020F1D200D31C72 /* Click_BaitUITests.swift */,
				401EC4642020F1D200D31C72 /* Info.plist */,
			);
			path = "Click BaitUITests";
			sourceTree = "<group>";
		};
/* End PBXGroup section */

/* Begin PBXNativeTarget section */
		401EC43E2020F1D200D31C72 /* Click Bait */ = {
			isa = PBXNativeTarget;
			buildConfigurationList = 401EC4672020F1D200D31C72 /* Build configuration list for PBXNativeTarget "Click Bait" */;
			buildPhases = (
				401EC43B2020F1D200D31C72 /* Sources */,
				401EC43C2020F1D200D31C72 /* Frameworks */,
				401EC43D2020F1D200D31C72 /* Resources */,
			);
			buildRules = (
			);
			dependencies = (
			);
			name = "Click Bait";
			productName = "Click Bait";
			productReference = 401EC43F2020F1D200D31C72 /* Click Bait.app */;
			productType = "com.apple.product-type.application";
		};
		401EC4522020F1D200D31C72 /* Click BaitTests */ = {
			isa = PBXNativeTarget;
			buildConfigurationList = 401EC46A2020F1D200D31C72 /* Build configuration list for PBXNativeTarget "Click BaitTests" */;
			buildPhases = (
				401EC44F2020F1D200D31C72 /* Sources */,
				401EC4502020F1D200D31C72 /* Frameworks */,
				401EC4512020F1D200D31C72 /* Resources */,
			);
			buildRules = (
			);
			dependencies = (
				401EC4552020F1D200D31C72 /* PBXTargetDependency */,
			);
			name = "Click BaitTests";
			productName = "Click BaitTests";
			productReference = 401EC4532020F1D200D31C72 /* Click BaitTests.xctest */;
			productType = "com.apple.product-type.bundle.unit-test";
		};
		401EC45D2020F1D200D31C72 /* Click BaitUITests */ = {
			isa = PBXNativeTarget;
			buildConfigurationList = 401EC46D2020F1D200D31C72 /* Build configuration list for PBXNativeTarget "Click BaitUITests" */;
			buildPhases = (
				401EC45A2020F1D200D31C72 /* Sources */,
				401EC45B2020F1D200D31C72 /* Frameworks */,
				401EC45C2020F1D200D31C72 /* Resources */,
			);
			buildRules = (
			);
			dependencies = (
				401EC4602020F1D200D31C72 /* PBXTargetDependency */,
			);
			name = "Click BaitUITests";
			productName = "Click BaitUITests";
			productReference = 401EC45E2020F1D200D31C72 /* Click BaitUITests.xctest */;
			productType = "com.apple.product-type.bundle.ui-testing";
		};
/* End PBXNativeTarget section */

/* Begin PBXProject section */
		401EC4372020F1D200D31C72 /* Project object */ = {
			isa = PBXProject;
			attributes = {
				LastSwiftUpdateCheck = 0920;
				LastUpgradeCheck = 0920;
				ORGANIZATIONNAME = "Alexander Nordman";
				TargetAttributes = {
					401EC43E2020F1D200D31C72 = {
						CreatedOnToolsVersion = 9.2;
						ProvisioningStyle = Automatic;
					};
					401EC4522020F1D200D31C72 = {
						CreatedOnToolsVersion = 9.2;
						ProvisioningStyle = Automatic;
						TestTargetID = 401EC43E2020F1D200D31C72;
					};
					401EC45D2020F1D200D31C72 = {
						CreatedOnToolsVersion = 9.2;
						ProvisioningStyle = Automatic;
						TestTargetID = 401EC43E2020F1D200D31C72;
					};
				};
			};
			buildConfigurationList = 401EC43A2020F1D200D31C72 /* Build configuration list for PBXProject "Click Bait" */;
			compatibilityVersion = "Xcode 8.0";
			developmentRegion = en;
			hasScannedForEncodings = 0;
			knownRegions = (
				en,
				Base,
			);
			mainGroup = 401EC4362020F1D200D31C72;
			productRefGroup = 401EC4402020F1D200D31C72 /* Products */;
			projectDirPath = "";
			projectRoot = "";
			targets = (
				401EC43E2020F1D200D31C72 /* Click Bait */,
				401EC4522020F1D200D31C72 /* Click BaitTests */,
				401EC45D2020F1D200D31C72 /* Click BaitUITests */,
			);
		};
/* End PBXProject section */

/* Begin PBXResourcesBuildPhase section */
		401EC43D2020F1D200D31C72 /* Resources */ = {
			isa = PBXResourcesBuildPhase;
			buildActionMask = 2147483647;
			files = (
				401EC44D2020F1D200D31C72 /* LaunchScreen.storyboard in Resources */,
				401EC44A2020F1D200D31C72 /* Assets.xcassets in Resources */,
				401EC4482020F1D200D31C72 /* Main.storyboard in Resources */,
			);
			runOnlyForDeploymentPostprocessing = 0;
		};
		401EC4512020F1D200D31C72 /* Resources */ = {
			isa = PBXResourcesBuildPhase;
			buildActionMask = 2147483647;
			files = (
			);
			runOnlyForDeploymentPostprocessing = 0;
		};
		401EC45C2020F1D200D31C72 /* Resources */ = {
			isa = PBXResourcesBuildPhase;
			buildActionMask = 2147483647;
			files = (
			);
			runOnlyForDeploymentPostprocessing = 0;
		};
/* End PBXResourcesBuildPhase section */

/* Begin PBXSourcesBuildPhase section */
		401EC43B2020F1D200D31C72 /* Sources */ = {
			isa = PBXSourcesBuildPhase;
			buildActionMask = 2147483647;
			files = (
				401EC4452020F1D200D31C72 /* ViewController.swift in Sources */,
				401EC4432020F1D200D31C72 /* AppDelegate.swift in Sources */,
			);
			runOnlyForDeploymentPostprocessing = 0;
		};
		401EC44F2020F1D200D31C72 /* Sources */ = {
			isa = PBXSourcesBuildPhase;
			buildActionMask = 2147483647;
			files = (
				401EC4582020F1D200D31C72 /* Click_BaitTests.swift in Sources */,
			);
			runOnlyForDeploymentPostprocessing = 0;
		};
		401EC45A2020F1D200D31C72 /* Sources */ = {
			isa = PBXSourcesBuildPhase;
			buildActionMask = 2147483647;
			files = (
				401EC4632020F1D200D31C72 /* Click_BaitUITests.swift in Sources */,
			);
			runOnlyForDeploymentPostprocessing = 0;
		};
/* End PBXSourcesBuildPhase section */

/* Begin PBXTargetDependency section */
		401EC4552020F1D200D31C72 /* PBXTargetDependency */ = {
			isa = PBXTargetDependency;
			target = 401EC43E2020F1D200D31C72 /* Click Bait */;
			targetProxy = 401EC4542020F1D200D31C72 /* PBXContainerItemProxy */;
		};
		401EC4602020F1D200D31C72 /* PBXTargetDependency */ = {
			isa = PBXTargetDependency;
			target = 401EC43E2020F1D200D31C72 /* Click Bait */;
			targetProxy = 401EC45F2020F1D200D31C72 /* PBXContainerItemProxy */;
		};
/* End PBXTargetDependency section */

/* Begin PBXVariantGroup section */
		401EC4462020F1D200D31C72 /* Main.storyboard */ = {
			isa = PBXVariantGroup;
			children = (
				401EC4472020F1D200D31C72 /* Base */,
			);
			name = Main.storyboard;
			sourceTree = "<group>";
		};
		401EC44B2020F1D200D31C72 /* LaunchScreen.storyboard */ = {
			isa = PBXVariantGroup;
			children = (
				401EC44C2020F1D200D31C72 /* Base */,
			);
			name = LaunchScreen.storyboard;
			sourceTree = "<group>";
		};
/* End PBXVariantGroup section */

/* Begin XCBuildConfiguration section */
		401EC4652020F1D200D31C72 /* Debug */ = {
			isa = XCBuildConfiguration;
			buildSettings = {
				ALWAYS_SEARCH_USER_PATHS = NO;
				CLANG_ANALYZER_NONNULL = YES;
				CLANG_ANALYZER_NUMBER_OBJECT_CONVERSION = YES_AGGRESSIVE;
				CLANG_CXX_LANGUAGE_STANDARD = "gnu++14";
				CLANG_CXX_LIBRARY = "libc++";
				CLANG_ENABLE_MODULES = YES;
				CLANG_ENABLE_OBJC_ARC = YES;
				CLANG_WARN_BLOCK_CAPTURE_AUTORELEASING = YES;
				CLANG_WARN_BOOL_CONVERSION = YES;
				CLANG_WARN_COMMA = YES;
				CLANG_WARN_CONSTANT_CONVERSION = YES;
				CLANG_WARN_DIRECT_OBJC_ISA_USAGE = YES_ERROR;
				CLANG_WARN_DOCUMENTATION_COMMENTS = YES;
				CLANG_WARN_EMPTY_BODY = YES;
				CLANG_WARN_ENUM_CONVERSION = YES;
				CLANG_WARN_INFINITE_RECURSION = YES;
				CLANG_WARN_INT_CONVERSION = YES;
				CLANG_WARN_NON_LITERAL_NULL_CONVERSION = YES;
				CLANG_WARN_OBJC_LITERAL_CONVERSION = YES;
				CLANG_WARN_OBJC_ROOT_CLASS = YES_ERROR;
				CLANG_WARN_RANGE_LOOP_ANALYSIS = YES;
				CLANG_WARN_STRICT_PROTOTYPES = YES;
				CLANG_WARN_SUSPICIOUS_MOVE = YES;
				CLANG_WARN_UNGUARDED_AVAILABILITY = YES_AGGRESSIVE;
				CLANG_WARN_UNREACHABLE_CODE = YES;
				CLANG_WARN__DUPLICATE_METHOD_MATCH = YES;
				CODE_SIGN_IDENTITY = "iPhone Developer";
				COPY_PHASE_STRIP = NO;
				DEBUG_INFORMATION_FORMAT = dwarf;
				ENABLE_STRICT_OBJC_MSGSEND = YES;
				ENABLE_TESTABILITY = YES;
				GCC_C_LANGUAGE_STANDARD = gnu11;
				GCC_DYNAMIC_NO_PIC = NO;
				GCC_NO_COMMON_BLOCKS = YES;
				GCC_OPTIMIZATION_LEVEL = 0;
				GCC_PREPROCESSOR_DEFINITIONS = (
					"DEBUG=1",
					"$(inherited)",
				);
				GCC_WARN_64_TO_32_BIT_CONVERSION = YES;
				GCC_WARN_ABOUT_RETURN_TYPE = YES_ERROR;
				GCC_WARN_UNDECLARED_SELECTOR = YES;
				GCC_WARN_UNINITIALIZED_AUTOS = YES_AGGRESSIVE;
				GCC_WARN_UNUSED_FUNCTION = YES;
				GCC_WARN_UNUSED_VARIABLE = YES;
				IPHONEOS_DEPLOYMENT_TARGET = 11.2;
				MTL_ENABLE_DEBUG_INFO = YES;
				ONLY_ACTIVE_ARCH = YES;
				SDKROOT = iphoneos;
				SWIFT_ACTIVE_COMPILATION_CONDITIONS = DEBUG;
				SWIFT_OPTIMIZATION_LEVEL = "-Onone";
			};
			name = Debug;
		};
		401EC4662020F1D200D31C72 /* Release */ = {
			isa = XCBuildConfiguration;
			buildSettings = {
				ALWAYS_SEARCH_USER_PATHS = NO;
				CLANG_ANALYZER_NONNULL = YES;
				CLANG_ANALYZER_NUMBER_OBJECT_CONVERSION = YES_AGGRESSIVE;
				CLANG_CXX_LANGUAGE_STANDARD = "gnu++14";
				CLANG_CXX_LIBRARY = "libc++";
				CLANG_ENABLE_MODULES = YES;
				CLANG_ENABLE_OBJC_ARC = YES;
				CLANG_WARN_BLOCK_CAPTURE_AUTORELEASING = YES;
				CLANG_WARN_BOOL_CONVERSION = YES;
				CLANG_WARN_COMMA = YES;
				CLANG_WARN_CONSTANT_CONVERSION = YES;
				CLANG_WARN_DIRECT_OBJC_ISA_USAGE = YES_ERROR;
				CLANG_WARN_DOCUMENTATION_COMMENTS = YES;
				CLANG_WARN_EMPTY_BODY = YES;
				CLANG_WARN_ENUM_CONVERSION = YES;
				CLANG_WARN_INFINITE_RECURSION = YES;
				CLANG_WARN_INT_CONVERSION = YES;
				CLANG_WARN_NON_LITERAL_NULL_CONVERSION = YES;
				CLANG_WARN_OBJC_LITERAL_CONVERSION = YES;
				CLANG_WARN_OBJC_ROOT_CLASS = YES_ERROR;
				CLANG_WARN_RANGE_LOOP_ANALYSIS = YES;
				CLANG_WARN_STRICT_PROTOTYPES = YES;
				CLANG_WARN_SUSPICIOUS_MOVE = YES;
				CLANG_WARN_UNGUARDED_AVAILABILITY = YES_AGGRESSIVE;
				CLANG_WARN_UNREACHABLE_CODE = YES;
				CLANG_WARN__DUPLICATE_METHOD_MATCH = YES;
				CODE_SIGN_IDENTITY = "iPhone Developer";
				COPY_PHASE_STRIP = NO;
				DEBUG_INFORMATION_FORMAT = "dwarf-with-dsym";
				ENABLE_NS_ASSERTIONS = NO;
				ENABLE_STRICT_OBJC_MSGSEND = YES;
				GCC_C_LANGUAGE_STANDARD = gnu11;
				GCC_NO_COMMON_BLOCKS = YES;
				GCC_WARN_64_TO_32_BIT_CONVERSION = YES;
				GCC_WARN_ABOUT_RETURN_TYPE = YES_ERROR;
				GCC_WARN_UNDECLARED_SELECTOR = YES;
				GCC_WARN_UNINITIALIZED_AUTOS = YES_AGGRESSIVE;
				GCC_WARN_UNUSED_FUNCTION = YES;
				GCC_WARN_UNUSED_VARIABLE = YES;
				IPHONEOS_DEPLOYMENT_TARGET = 11.2;
				MTL_ENABLE_DEBUG_INFO = NO;
				SDKROOT = iphoneos;
				SWIFT_OPTIMIZATION_LEVEL = "-Owholemodule";
				VALIDATE_PRODUCT = YES;
			};
			name = Release;
		};
		401EC4682020F1D200D31C72 /* Debug */ = {
			isa = XCBuildConfiguration;
			buildSettings = {
				ASSETCATALOG_COMPILER_APPICON_NAME = AppIcon;
				CODE_SIGN_STYLE = Automatic;
				DEVELOPMENT_TEAM = GK477CG5YF;
				INFOPLIST_FILE = "Click Bait/Info.plist";
				LD_RUNPATH_SEARCH_PATHS = "$(inherited) @executable_path/Frameworks";
				PRODUCT_BUNDLE_IDENTIFIER = "nerd.Click-Bait";
				PRODUCT_NAME = "$(TARGET_NAME)";
				SWIFT_VERSION = 4.0;
				TARGETED_DEVICE_FAMILY = "1,2";
			};
			name = Debug;
		};
		401EC4692020F1D200D31C72 /* Release */ = {
			isa = XCBuildConfiguration;
			buildSettings = {
				ASSETCATALOG_COMPILER_APPICON_NAME = AppIcon;
				CODE_SIGN_STYLE = Automatic;
				DEVELOPMENT_TEAM = GK477CG5YF;
				INFOPLIST_FILE = "Click Bait/Info.plist";
				LD_RUNPATH_SEARCH_PATHS = "$(inherited) @executable_path/Frameworks";
				PRODUCT_BUNDLE_IDENTIFIER = "nerd.Click-Bait";
				PRODUCT_NAME = "$(TARGET_NAME)";
				SWIFT_VERSION = 4.0;
				TARGETED_DEVICE_FAMILY = "1,2";
			};
			name = Release;
		};
		401EC46B2020F1D200D31C72 /* Debug */ = {
			isa = XCBuildConfiguration;
			buildSettings = {
				ALWAYS_EMBED_SWIFT_STANDARD_LIBRARIES = YES;
				BUNDLE_LOADER = "$(TEST_HOST)";
				CODE_SIGN_STYLE = Automatic;
				DEVELOPMENT_TEAM = GK477CG5YF;
				INFOPLIST_FILE = "Click BaitTests/Info.plist";
				LD_RUNPATH_SEARCH_PATHS = "$(inherited) @executable_path/Frameworks @loader_path/Frameworks";
				PRODUCT_BUNDLE_IDENTIFIER = "nerd.Click-BaitTests";
				PRODUCT_NAME = "$(TARGET_NAME)";
				SWIFT_VERSION = 4.0;
				TARGETED_DEVICE_FAMILY = "1,2";
				TEST_HOST = "$(BUILT_PRODUCTS_DIR)/Click Bait.app/Click Bait";
			};
			name = Debug;
		};
		401EC46C2020F1D200D31C72 /* Release */ = {
			isa = XCBuildConfiguration;
			buildSettings = {
				ALWAYS_EMBED_SWIFT_STANDARD_LIBRARIES = YES;
				BUNDLE_LOADER = "$(TEST_HOST)";
				CODE_SIGN_STYLE = Automatic;
				DEVELOPMENT_TEAM = GK477CG5YF;
				INFOPLIST_FILE = "Click BaitTests/Info.plist";
				LD_RUNPATH_SEARCH_PATHS = "$(inherited) @executable_path/Frameworks @loader_path/Frameworks";
				PRODUCT_BUNDLE_IDENTIFIER = "nerd.Click-BaitTests";
				PRODUCT_NAME = "$(TARGET_NAME)";
				SWIFT_VERSION = 4.0;
				TARGETED_DEVICE_FAMILY = "1,2";
				TEST_HOST = "$(BUILT_PRODUCTS_DIR)/Click Bait.app/Click Bait";
			};
			name = Release;
		};
		401EC46E2020F1D200D31C72 /* Debug */ = {
			isa = XCBuildConfiguration;
			buildSettings = {
				ALWAYS_EMBED_SWIFT_STANDARD_LIBRARIES = YES;
				CODE_SIGN_STYLE = Automatic;
				DEVELOPMENT_TEAM = GK477CG5YF;
				INFOPLIST_FILE = "Click BaitUITests/Info.plist";
				LD_RUNPATH_SEARCH_PATHS = "$(inherited) @executable_path/Frameworks @loader_path/Frameworks";
				PRODUCT_BUNDLE_IDENTIFIER = "nerd.Click-BaitUITests";
				PRODUCT_NAME = "$(TARGET_NAME)";
				SWIFT_VERSION = 4.0;
				TARGETED_DEVICE_FAMILY = "1,2";
				TEST_TARGET_NAME = "Click Bait";
			};
			name = Debug;
		};
		401EC46F2020F1D200D31C72 /* Release */ = {
			isa = XCBuildConfiguration;
			buildSettings = {
				ALWAYS_EMBED_SWIFT_STANDARD_LIBRARIES = YES;
				CODE_SIGN_STYLE = Automatic;
				DEVELOPMENT_TEAM = GK477CG5YF;
				INFOPLIST_FILE = "Click BaitUITests/Info.plist";
				LD_RUNPATH_SEARCH_PATHS = "$(inherited) @executable_path/Frameworks @loader_path/Frameworks";
				PRODUCT_BUNDLE_IDENTIFIER = "nerd.Click-BaitUITests";
				PRODUCT_NAME = "$(TARGET_NAME)";
				SWIFT_VERSION = 4.0;
				TARGETED_DEVICE_FAMILY = "1,2";
				TEST_TARGET_NAME = "Click Bait";
			};
			name = Release;
		};
/* End XCBuildConfiguration section */

/* Begin XCConfigurationList section */
		401EC43A2020F1D200D31C72 /* Build configuration list for PBXProject "Click Bait" */ = {
			isa = XCConfigurationList;
			buildConfigurations = (
				401EC4652020F1D200D31C72 /* Debug */,
				401EC4662020F1D200D31C72 /* Release */,
			);
			defaultConfigurationIsVisible = 0;
			defaultConfigurationName = Release;
		};
		401EC4672020F1D200D31C72 /* Build configuration list for PBXNativeTarget "Click Bait" */ = {
			isa = XCConfigurationList;
			buildConfigurations = (
				401EC4682020F1D200D31C72 /* Debug */,
				401EC4692020F1D200D31C72 /* Release */,
			);
			defaultConfigurationIsVisible = 0;
			defaultConfigurationName = Release;
		};
		401EC46A2020F1D200D31C72 /* Build configuration list for PBXNativeTarget "Click BaitTests" */ = {
			isa = XCConfigurationList;
			buildConfigurations = (
				401EC46B2020F1D200D31C72 /* Debug */,
				401EC46C2020F1D200D31C72 /* Release */,
			);
			defaultConfigurationIsVisible = 0;
			defaultConfigurationName = Release;
		};
		401EC46D2020F1D200D31C72 /* Build configuration list for PBXNativeTarget "Click BaitUITests" */ = {
			isa = XCConfigurationList;
			buildConfigurations = (
				401EC46E2020F1D200D31C72 /* Debug */,
				401EC46F2020F1D200D31C72 /* Release */,
			);
			defaultConfigurationIsVisible = 0;
			defaultConfigurationName = Release;
		};
/* End XCConfigurationList section */
	};
	rootObject = 401EC4372020F1D200D31C72 /* Project object */;
}
