// !$*UTF8*$!
{
	archiveVersion = 1;
	classes = {
	};
	objectVersion = 48;
	objects = {

/* Begin PBXBuildFile section */
		402E8B741FCCAC9E00C81A42 /* AppDelegate.swift in Sources */ = {isa = PBXBuildFile; fileRef = 402E8B731FCCAC9E00C81A42 /* AppDelegate.swift */; };
		402E8B761FCCAC9E00C81A42 /* ViewController.swift in Sources */ = {isa = PBXBuildFile; fileRef = 402E8B751FCCAC9E00C81A42 /* ViewController.swift */; };
		402E8B791FCCAC9E00C81A42 /* Main.storyboard in Resources */ = {isa = PBXBuildFile; fileRef = 402E8B771FCCAC9E00C81A42 /* Main.storyboard */; };
		402E8B7B1FCCAC9E00C81A42 /* Assets.xcassets in Resources */ = {isa = PBXBuildFile; fileRef = 402E8B7A1FCCAC9E00C81A42 /* Assets.xcassets */; };
		402E8B7E1FCCAC9E00C81A42 /* LaunchScreen.storyboard in Resources */ = {isa = PBXBuildFile; fileRef = 402E8B7C1FCCAC9E00C81A42 /* LaunchScreen.storyboard */; };
		402E8B891FCCAC9F00C81A42 /* iBBasicsTests.swift in Sources */ = {isa = PBXBuildFile; fileRef = 402E8B881FCCAC9F00C81A42 /* iBBasicsTests.swift */; };
		402E8B941FCCAC9F00C81A42 /* iBBasicsUITests.swift in Sources */ = {isa = PBXBuildFile; fileRef = 402E8B931FCCAC9F00C81A42 /* iBBasicsUITests.swift */; };
/* End PBXBuildFile section */

/* Begin PBXContainerItemProxy section */
		402E8B851FCCAC9F00C81A42 /* PBXContainerItemProxy */ = {
			isa = PBXContainerItemProxy;
			containerPortal = 402E8B681FCCAC9E00C81A42 /* Project object */;
			proxyType = 1;
			remoteGlobalIDString = 402E8B6F1FCCAC9E00C81A42;
			remoteInfo = iBBasics;
		};
		402E8B901FCCAC9F00C81A42 /* PBXContainerItemProxy */ = {
			isa = PBXContainerItemProxy;
			containerPortal = 402E8B681FCCAC9E00C81A42 /* Project object */;
			proxyType = 1;
			remoteGlobalIDString = 402E8B6F1FCCAC9E00C81A42;
			remoteInfo = iBBasics;
		};
/* End PBXContainerItemProxy section */

/* Begin PBXFileReference section */
		402E8B701FCCAC9E00C81A42 /* iBBasics.app */ = {isa = PBXFileReference; explicitFileType = wrapper.application; includeInIndex = 0; path = iBBasics.app; sourceTree = BUILT_PRODUCTS_DIR; };
		402E8B731FCCAC9E00C81A42 /* AppDelegate.swift */ = {isa = PBXFileReference; lastKnownFileType = sourcecode.swift; path = AppDelegate.swift; sourceTree = "<group>"; };
		402E8B751FCCAC9E00C81A42 /* ViewController.swift */ = {isa = PBXFileReference; lastKnownFileType = sourcecode.swift; path = ViewController.swift; sourceTree = "<group>"; };
		402E8B781FCCAC9E00C81A42 /* Base */ = {isa = PBXFileReference; lastKnownFileType = file.storyboard; name = Base; path = Base.lproj/Main.storyboard; sourceTree = "<group>"; };
		402E8B7A1FCCAC9E00C81A42 /* Assets.xcassets */ = {isa = PBXFileReference; lastKnownFileType = folder.assetcatalog; path = Assets.xcassets; sourceTree = "<group>"; };
		402E8B7D1FCCAC9E00C81A42 /* Base */ = {isa = PBXFileReference; lastKnownFileType = file.storyboard; name = Base; path = Base.lproj/LaunchScreen.storyboard; sourceTree = "<group>"; };
		402E8B7F1FCCAC9E00C81A42 /* Info.plist */ = {isa = PBXFileReference; lastKnownFileType = text.plist.xml; path = Info.plist; sourceTree = "<group>"; };
		402E8B841FCCAC9F00C81A42 /* iBBasicsTests.xctest */ = {isa = PBXFileReference; explicitFileType = wrapper.cfbundle; includeInIndex = 0; path = iBBasicsTests.xctest; sourceTree = BUILT_PRODUCTS_DIR; };
		402E8B881FCCAC9F00C81A42 /* iBBasicsTests.swift */ = {isa = PBXFileReference; lastKnownFileType = sourcecode.swift; path = iBBasicsTests.swift; sourceTree = "<group>"; };
		402E8B8A1FCCAC9F00C81A42 /* Info.plist */ = {isa = PBXFileReference; lastKnownFileType = text.plist.xml; path = Info.plist; sourceTree = "<group>"; };
		402E8B8F1FCCAC9F00C81A42 /* iBBasicsUITests.xctest */ = {isa = PBXFileReference; explicitFileType = wrapper.cfbundle; includeInIndex = 0; path = iBBasicsUITests.xctest; sourceTree = BUILT_PRODUCTS_DIR; };
		402E8B931FCCAC9F00C81A42 /* iBBasicsUITests.swift */ = {isa = PBXFileReference; lastKnownFileType = sourcecode.swift; path = iBBasicsUITests.swift; sourceTree = "<group>"; };
		402E8B951FCCAC9F00C81A42 /* Info.plist */ = {isa = PBXFileReference; lastKnownFileType = text.plist.xml; path = Info.plist; sourceTree = "<group>"; };
/* End PBXFileReference section */

/* Begin PBXFrameworksBuildPhase section */
		402E8B6D1FCCAC9E00C81A42 /* Frameworks */ = {
			isa = PBXFrameworksBuildPhase;
			buildActionMask = 2147483647;
			files = (
			);
			runOnlyForDeploymentPostprocessing = 0;
		};
		402E8B811FCCAC9F00C81A42 /* Frameworks */ = {
			isa = PBXFrameworksBuildPhase;
			buildActionMask = 2147483647;
			files = (
			);
			runOnlyForDeploymentPostprocessing = 0;
		};
		402E8B8C1FCCAC9F00C81A42 /* Frameworks */ = {
			isa = PBXFrameworksBuildPhase;
			buildActionMask = 2147483647;
			files = (
			);
			runOnlyForDeploymentPostprocessing = 0;
		};
/* End PBXFrameworksBuildPhase section */

/* Begin PBXGroup section */
		402E8B671FCCAC9E00C81A42 = {
			isa = PBXGroup;
			children = (
				402E8B721FCCAC9E00C81A42 /* iBBasics */,
				402E8B871FCCAC9F00C81A42 /* iBBasicsTests */,
				402E8B921FCCAC9F00C81A42 /* iBBasicsUITests */,
				402E8B711FCCAC9E00C81A42 /* Products */,
			);
			sourceTree = "<group>";
		};
		402E8B711FCCAC9E00C81A42 /* Products */ = {
			isa = PBXGroup;
			children = (
				402E8B701FCCAC9E00C81A42 /* iBBasics.app */,
				402E8B841FCCAC9F00C81A42 /* iBBasicsTests.xctest */,
				402E8B8F1FCCAC9F00C81A42 /* iBBasicsUITests.xctest */,
			);
			name = Products;
			sourceTree = "<group>";
		};
		402E8B721FCCAC9E00C81A42 /* iBBasics */ = {
			isa = PBXGroup;
			children = (
				402E8B731FCCAC9E00C81A42 /* AppDelegate.swift */,
				402E8B751FCCAC9E00C81A42 /* ViewController.swift */,
				402E8B771FCCAC9E00C81A42 /* Main.storyboard */,
				402E8B7A1FCCAC9E00C81A42 /* Assets.xcassets */,
				402E8B7C1FCCAC9E00C81A42 /* LaunchScreen.storyboard */,
				402E8B7F1FCCAC9E00C81A42 /* Info.plist */,
			);
			path = iBBasics;
			sourceTree = "<group>";
		};
		402E8B871FCCAC9F00C81A42 /* iBBasicsTests */ = {
			isa = PBXGroup;
			children = (
				402E8B881FCCAC9F00C81A42 /* iBBasicsTests.swift */,
				402E8B8A1FCCAC9F00C81A42 /* Info.plist */,
			);
			path = iBBasicsTests;
			sourceTree = "<group>";
		};
		402E8B921FCCAC9F00C81A42 /* iBBasicsUITests */ = {
			isa = PBXGroup;
			children = (
				402E8B931FCCAC9F00C81A42 /* iBBasicsUITests.swift */,
				402E8B951FCCAC9F00C81A42 /* Info.plist */,
			);
			path = iBBasicsUITests;
			sourceTree = "<group>";
		};
/* End PBXGroup section */

/* Begin PBXNativeTarget section */
		402E8B6F1FCCAC9E00C81A42 /* iBBasics */ = {
			isa = PBXNativeTarget;
			buildConfigurationList = 402E8B981FCCAC9F00C81A42 /* Build configuration list for PBXNativeTarget "iBBasics" */;
			buildPhases = (
				402E8B6C1FCCAC9E00C81A42 /* Sources */,
				402E8B6D1FCCAC9E00C81A42 /* Frameworks */,
				402E8B6E1FCCAC9E00C81A42 /* Resources */,
			);
			buildRules = (
			);
			dependencies = (
			);
			name = iBBasics;
			productName = iBBasics;
			productReference = 402E8B701FCCAC9E00C81A42 /* iBBasics.app */;
			productType = "com.apple.product-type.application";
		};
		402E8B831FCCAC9F00C81A42 /* iBBasicsTests */ = {
			isa = PBXNativeTarget;
			buildConfigurationList = 402E8B9B1FCCAC9F00C81A42 /* Build configuration list for PBXNativeTarget "iBBasicsTests" */;
			buildPhases = (
				402E8B801FCCAC9F00C81A42 /* Sources */,
				402E8B811FCCAC9F00C81A42 /* Frameworks */,
				402E8B821FCCAC9F00C81A42 /* Resources */,
			);
			buildRules = (
			);
			dependencies = (
				402E8B861FCCAC9F00C81A42 /* PBXTargetDependency */,
			);
			name = iBBasicsTests;
			productName = iBBasicsTests;
			productReference = 402E8B841FCCAC9F00C81A42 /* iBBasicsTests.xctest */;
			productType = "com.apple.product-type.bundle.unit-test";
		};
		402E8B8E1FCCAC9F00C81A42 /* iBBasicsUITests */ = {
			isa = PBXNativeTarget;
			buildConfigurationList = 402E8B9E1FCCAC9F00C81A42 /* Build configuration list for PBXNativeTarget "iBBasicsUITests" */;
			buildPhases = (
				402E8B8B1FCCAC9F00C81A42 /* Sources */,
				402E8B8C1FCCAC9F00C81A42 /* Frameworks */,
				402E8B8D1FCCAC9F00C81A42 /* Resources */,
			);
			buildRules = (
			);
			dependencies = (
				402E8B911FCCAC9F00C81A42 /* PBXTargetDependency */,
			);
			name = iBBasicsUITests;
			productName = iBBasicsUITests;
			productReference = 402E8B8F1FCCAC9F00C81A42 /* iBBasicsUITests.xctest */;
			productType = "com.apple.product-type.bundle.ui-testing";
		};
/* End PBXNativeTarget section */

/* Begin PBXProject section */
		402E8B681FCCAC9E00C81A42 /* Project object */ = {
			isa = PBXProject;
			attributes = {
				LastSwiftUpdateCheck = 0910;
				LastUpgradeCheck = 0910;
				ORGANIZATIONNAME = "Alexander Nordman";
				TargetAttributes = {
					402E8B6F1FCCAC9E00C81A42 = {
						CreatedOnToolsVersion = 9.1;
						ProvisioningStyle = Automatic;
					};
					402E8B831FCCAC9F00C81A42 = {
						CreatedOnToolsVersion = 9.1;
						ProvisioningStyle = Automatic;
						TestTargetID = 402E8B6F1FCCAC9E00C81A42;
					};
					402E8B8E1FCCAC9F00C81A42 = {
						CreatedOnToolsVersion = 9.1;
						ProvisioningStyle = Automatic;
						TestTargetID = 402E8B6F1FCCAC9E00C81A42;
					};
				};
			};
			buildConfigurationList = 402E8B6B1FCCAC9E00C81A42 /* Build configuration list for PBXProject "iBBasics" */;
			compatibilityVersion = "Xcode 8.0";
			developmentRegion = en;
			hasScannedForEncodings = 0;
			knownRegions = (
				en,
				Base,
			);
			mainGroup = 402E8B671FCCAC9E00C81A42;
			productRefGroup = 402E8B711FCCAC9E00C81A42 /* Products */;
			projectDirPath = "";
			projectRoot = "";
			targets = (
				402E8B6F1FCCAC9E00C81A42 /* iBBasics */,
				402E8B831FCCAC9F00C81A42 /* iBBasicsTests */,
				402E8B8E1FCCAC9F00C81A42 /* iBBasicsUITests */,
			);
		};
/* End PBXProject section */

/* Begin PBXResourcesBuildPhase section */
		402E8B6E1FCCAC9E00C81A42 /* Resources */ = {
			isa = PBXResourcesBuildPhase;
			buildActionMask = 2147483647;
			files = (
				402E8B7E1FCCAC9E00C81A42 /* LaunchScreen.storyboard in Resources */,
				402E8B7B1FCCAC9E00C81A42 /* Assets.xcassets in Resources */,
				402E8B791FCCAC9E00C81A42 /* Main.storyboard in Resources */,
			);
			runOnlyForDeploymentPostprocessing = 0;
		};
		402E8B821FCCAC9F00C81A42 /* Resources */ = {
			isa = PBXResourcesBuildPhase;
			buildActionMask = 2147483647;
			files = (
			);
			runOnlyForDeploymentPostprocessing = 0;
		};
		402E8B8D1FCCAC9F00C81A42 /* Resources */ = {
			isa = PBXResourcesBuildPhase;
			buildActionMask = 2147483647;
			files = (
			);
			runOnlyForDeploymentPostprocessing = 0;
		};
/* End PBXResourcesBuildPhase section */

/* Begin PBXSourcesBuildPhase section */
		402E8B6C1FCCAC9E00C81A42 /* Sources */ = {
			isa = PBXSourcesBuildPhase;
			buildActionMask = 2147483647;
			files = (
				402E8B761FCCAC9E00C81A42 /* ViewController.swift in Sources */,
				402E8B741FCCAC9E00C81A42 /* AppDelegate.swift in Sources */,
			);
			runOnlyForDeploymentPostprocessing = 0;
		};
		402E8B801FCCAC9F00C81A42 /* Sources */ = {
			isa = PBXSourcesBuildPhase;
			buildActionMask = 2147483647;
			files = (
				402E8B891FCCAC9F00C81A42 /* iBBasicsTests.swift in Sources */,
			);
			runOnlyForDeploymentPostprocessing = 0;
		};
		402E8B8B1FCCAC9F00C81A42 /* Sources */ = {
			isa = PBXSourcesBuildPhase;
			buildActionMask = 2147483647;
			files = (
				402E8B941FCCAC9F00C81A42 /* iBBasicsUITests.swift in Sources */,
			);
			runOnlyForDeploymentPostprocessing = 0;
		};
/* End PBXSourcesBuildPhase section */

/* Begin PBXTargetDependency section */
		402E8B861FCCAC9F00C81A42 /* PBXTargetDependency */ = {
			isa = PBXTargetDependency;
			target = 402E8B6F1FCCAC9E00C81A42 /* iBBasics */;
			targetProxy = 402E8B851FCCAC9F00C81A42 /* PBXContainerItemProxy */;
		};
		402E8B911FCCAC9F00C81A42 /* PBXTargetDependency */ = {
			isa = PBXTargetDependency;
			target = 402E8B6F1FCCAC9E00C81A42 /* iBBasics */;
			targetProxy = 402E8B901FCCAC9F00C81A42 /* PBXContainerItemProxy */;
		};
/* End PBXTargetDependency section */

/* Begin PBXVariantGroup section */
		402E8B771FCCAC9E00C81A42 /* Main.storyboard */ = {
			isa = PBXVariantGroup;
			children = (
				402E8B781FCCAC9E00C81A42 /* Base */,
			);
			name = Main.storyboard;
			sourceTree = "<group>";
		};
		402E8B7C1FCCAC9E00C81A42 /* LaunchScreen.storyboard */ = {
			isa = PBXVariantGroup;
			children = (
				402E8B7D1FCCAC9E00C81A42 /* Base */,
			);
			name = LaunchScreen.storyboard;
			sourceTree = "<group>";
		};
/* End PBXVariantGroup section */

/* Begin XCBuildConfiguration section */
		402E8B961FCCAC9F00C81A42 /* Debug */ = {
			isa = XCBuildConfiguration;
			buildSettings = {
				ALWAYS_SEARCH_USER_PATHS = NO;
				CLANG_ANALYZER_NONNULL = YES;
				CLANG_ANALYZER_NUMBER_OBJECT_CONVERSION = YES_AGGRESSIVE;
				CLANG_CXX_LANGUAGE_STANDARD = "gnu++14";
				CLANG_CXX_LIBRARY = "libc++";
				CLANG_ENABLE_MODULES = YES;
				CLANG_ENABLE_OBJC_ARC = YES;
				CLANG_WARN_BLOCK_CAPTURE_AUTORELEASING = YES;
				CLANG_WARN_BOOL_CONVERSION = YES;
				CLANG_WARN_COMMA = YES;
				CLANG_WARN_CONSTANT_CONVERSION = YES;
				CLANG_WARN_DIRECT_OBJC_ISA_USAGE = YES_ERROR;
				CLANG_WARN_DOCUMENTATION_COMMENTS = YES;
				CLANG_WARN_EMPTY_BODY = YES;
				CLANG_WARN_ENUM_CONVERSION = YES;
				CLANG_WARN_INFINITE_RECURSION = YES;
				CLANG_WARN_INT_CONVERSION = YES;
				CLANG_WARN_NON_LITERAL_NULL_CONVERSION = YES;
				CLANG_WARN_OBJC_LITERAL_CONVERSION = YES;
				CLANG_WARN_OBJC_ROOT_CLASS = YES_ERROR;
				CLANG_WARN_RANGE_LOOP_ANALYSIS = YES;
				CLANG_WARN_STRICT_PROTOTYPES = YES;
				CLANG_WARN_SUSPICIOUS_MOVE = YES;
				CLANG_WARN_UNGUARDED_AVAILABILITY = YES_AGGRESSIVE;
				CLANG_WARN_UNREACHABLE_CODE = YES;
				CLANG_WARN__DUPLICATE_METHOD_MATCH = YES;
				CODE_SIGN_IDENTITY = "iPhone Developer";
				COPY_PHASE_STRIP = NO;
				DEBUG_INFORMATION_FORMAT = dwarf;
				ENABLE_STRICT_OBJC_MSGSEND = YES;
				ENABLE_TESTABILITY = YES;
				GCC_C_LANGUAGE_STANDARD = gnu11;
				GCC_DYNAMIC_NO_PIC = NO;
				GCC_NO_COMMON_BLOCKS = YES;
				GCC_OPTIMIZATION_LEVEL = 0;
				GCC_PREPROCESSOR_DEFINITIONS = (
					"DEBUG=1",
					"$(inherited)",
				);
				GCC_WARN_64_TO_32_BIT_CONVERSION = YES;
				GCC_WARN_ABOUT_RETURN_TYPE = YES_ERROR;
				GCC_WARN_UNDECLARED_SELECTOR = YES;
				GCC_WARN_UNINITIALIZED_AUTOS = YES_AGGRESSIVE;
				GCC_WARN_UNUSED_FUNCTION = YES;
				GCC_WARN_UNUSED_VARIABLE = YES;
				IPHONEOS_DEPLOYMENT_TARGET = 11.1;
				MTL_ENABLE_DEBUG_INFO = YES;
				ONLY_ACTIVE_ARCH = YES;
				SDKROOT = iphoneos;
				SWIFT_ACTIVE_COMPILATION_CONDITIONS = DEBUG;
				SWIFT_OPTIMIZATION_LEVEL = "-Onone";
			};
			name = Debug;
		};
		402E8B971FCCAC9F00C81A42 /* Release */ = {
			isa = XCBuildConfiguration;
			buildSettings = {
				ALWAYS_SEARCH_USER_PATHS = NO;
				CLANG_ANALYZER_NONNULL = YES;
				CLANG_ANALYZER_NUMBER_OBJECT_CONVERSION = YES_AGGRESSIVE;
				CLANG_CXX_LANGUAGE_STANDARD = "gnu++14";
				CLANG_CXX_LIBRARY = "libc++";
				CLANG_ENABLE_MODULES = YES;
				CLANG_ENABLE_OBJC_ARC = YES;
				CLANG_WARN_BLOCK_CAPTURE_AUTORELEASING = YES;
				CLANG_WARN_BOOL_CONVERSION = YES;
				CLANG_WARN_COMMA = YES;
				CLANG_WARN_CONSTANT_CONVERSION = YES;
				CLANG_WARN_DIRECT_OBJC_ISA_USAGE = YES_ERROR;
				CLANG_WARN_DOCUMENTATION_COMMENTS = YES;
				CLANG_WARN_EMPTY_BODY = YES;
				CLANG_WARN_ENUM_CONVERSION = YES;
				CLANG_WARN_INFINITE_RECURSION = YES;
				CLANG_WARN_INT_CONVERSION = YES;
				CLANG_WARN_NON_LITERAL_NULL_CONVERSION = YES;
				CLANG_WARN_OBJC_LITERAL_CONVERSION = YES;
				CLANG_WARN_OBJC_ROOT_CLASS = YES_ERROR;
				CLANG_WARN_RANGE_LOOP_ANALYSIS = YES;
				CLANG_WARN_STRICT_PROTOTYPES = YES;
				CLANG_WARN_SUSPICIOUS_MOVE = YES;
				CLANG_WARN_UNGUARDED_AVAILABILITY = YES_AGGRESSIVE;
				CLANG_WARN_UNREACHABLE_CODE = YES;
				CLANG_WARN__DUPLICATE_METHOD_MATCH = YES;
				CODE_SIGN_IDENTITY = "iPhone Developer";
				COPY_PHASE_STRIP = NO;
				DEBUG_INFORMATION_FORMAT = "dwarf-with-dsym";
				ENABLE_NS_ASSERTIONS = NO;
				ENABLE_STRICT_OBJC_MSGSEND = YES;
				GCC_C_LANGUAGE_STANDARD = gnu11;
				GCC_NO_COMMON_BLOCKS = YES;
				GCC_WARN_64_TO_32_BIT_CONVERSION = YES;
				GCC_WARN_ABOUT_RETURN_TYPE = YES_ERROR;
				GCC_WARN_UNDECLARED_SELECTOR = YES;
				GCC_WARN_UNINITIALIZED_AUTOS = YES_AGGRESSIVE;
				GCC_WARN_UNUSED_FUNCTION = YES;
				GCC_WARN_UNUSED_VARIABLE = YES;
				IPHONEOS_DEPLOYMENT_TARGET = 11.1;
				MTL_ENABLE_DEBUG_INFO = NO;
				SDKROOT = iphoneos;
				SWIFT_OPTIMIZATION_LEVEL = "-Owholemodule";
				VALIDATE_PRODUCT = YES;
			};
			name = Release;
		};
		402E8B991FCCAC9F00C81A42 /* Debug */ = {
			isa = XCBuildConfiguration;
			buildSettings = {
				ASSETCATALOG_COMPILER_APPICON_NAME = AppIcon;
				CODE_SIGN_STYLE = Automatic;
				DEVELOPMENT_TEAM = GK477CG5YF;
				INFOPLIST_FILE = iBBasics/Info.plist;
				LD_RUNPATH_SEARCH_PATHS = "$(inherited) @executable_path/Frameworks";
				PRODUCT_BUNDLE_IDENTIFIER = nerd.iBBasics;
				PRODUCT_NAME = "$(TARGET_NAME)";
				SWIFT_VERSION = 4.0;
				TARGETED_DEVICE_FAMILY = "1,2";
			};
			name = Debug;
		};
		402E8B9A1FCCAC9F00C81A42 /* Release */ = {
			isa = XCBuildConfiguration;
			buildSettings = {
				ASSETCATALOG_COMPILER_APPICON_NAME = AppIcon;
				CODE_SIGN_STYLE = Automatic;
				DEVELOPMENT_TEAM = GK477CG5YF;
				INFOPLIST_FILE = iBBasics/Info.plist;
				LD_RUNPATH_SEARCH_PATHS = "$(inherited) @executable_path/Frameworks";
				PRODUCT_BUNDLE_IDENTIFIER = nerd.iBBasics;
				PRODUCT_NAME = "$(TARGET_NAME)";
				SWIFT_VERSION = 4.0;
				TARGETED_DEVICE_FAMILY = "1,2";
			};
			name = Release;
		};
		402E8B9C1FCCAC9F00C81A42 /* Debug */ = {
			isa = XCBuildConfiguration;
			buildSettings = {
				ALWAYS_EMBED_SWIFT_STANDARD_LIBRARIES = YES;
				BUNDLE_LOADER = "$(TEST_HOST)";
				CODE_SIGN_STYLE = Automatic;
				DEVELOPMENT_TEAM = GK477CG5YF;
				INFOPLIST_FILE = iBBasicsTests/Info.plist;
				LD_RUNPATH_SEARCH_PATHS = "$(inherited) @executable_path/Frameworks @loader_path/Frameworks";
				PRODUCT_BUNDLE_IDENTIFIER = nerd.iBBasicsTests;
				PRODUCT_NAME = "$(TARGET_NAME)";
				SWIFT_VERSION = 4.0;
				TARGETED_DEVICE_FAMILY = "1,2";
				TEST_HOST = "$(BUILT_PRODUCTS_DIR)/iBBasics.app/iBBasics";
			};
			name = Debug;
		};
		402E8B9D1FCCAC9F00C81A42 /* Release */ = {
			isa = XCBuildConfiguration;
			buildSettings = {
				ALWAYS_EMBED_SWIFT_STANDARD_LIBRARIES = YES;
				BUNDLE_LOADER = "$(TEST_HOST)";
				CODE_SIGN_STYLE = Automatic;
				DEVELOPMENT_TEAM = GK477CG5YF;
				INFOPLIST_FILE = iBBasicsTests/Info.plist;
				LD_RUNPATH_SEARCH_PATHS = "$(inherited) @executable_path/Frameworks @loader_path/Frameworks";
				PRODUCT_BUNDLE_IDENTIFIER = nerd.iBBasicsTests;
				PRODUCT_NAME = "$(TARGET_NAME)";
				SWIFT_VERSION = 4.0;
				TARGETED_DEVICE_FAMILY = "1,2";
				TEST_HOST = "$(BUILT_PRODUCTS_DIR)/iBBasics.app/iBBasics";
			};
			name = Release;
		};
		402E8B9F1FCCAC9F00C81A42 /* Debug */ = {
			isa = XCBuildConfiguration;
			buildSettings = {
				ALWAYS_EMBED_SWIFT_STANDARD_LIBRARIES = YES;
				CODE_SIGN_STYLE = Automatic;
				DEVELOPMENT_TEAM = GK477CG5YF;
				INFOPLIST_FILE = iBBasicsUITests/Info.plist;
				LD_RUNPATH_SEARCH_PATHS = "$(inherited) @executable_path/Frameworks @loader_path/Frameworks";
				PRODUCT_BUNDLE_IDENTIFIER = nerd.iBBasicsUITests;
				PRODUCT_NAME = "$(TARGET_NAME)";
				SWIFT_VERSION = 4.0;
				TARGETED_DEVICE_FAMILY = "1,2";
				TEST_TARGET_NAME = iBBasics;
			};
			name = Debug;
		};
		402E8BA01FCCAC9F00C81A42 /* Release */ = {
			isa = XCBuildConfiguration;
			buildSettings = {
				ALWAYS_EMBED_SWIFT_STANDARD_LIBRARIES = YES;
				CODE_SIGN_STYLE = Automatic;
				DEVELOPMENT_TEAM = GK477CG5YF;
				INFOPLIST_FILE = iBBasicsUITests/Info.plist;
				LD_RUNPATH_SEARCH_PATHS = "$(inherited) @executable_path/Frameworks @loader_path/Frameworks";
				PRODUCT_BUNDLE_IDENTIFIER = nerd.iBBasicsUITests;
				PRODUCT_NAME = "$(TARGET_NAME)";
				SWIFT_VERSION = 4.0;
				TARGETED_DEVICE_FAMILY = "1,2";
				TEST_TARGET_NAME = iBBasics;
			};
			name = Release;
		};
/* End XCBuildConfiguration section */

/* Begin XCConfigurationList section */
		402E8B6B1FCCAC9E00C81A42 /* Build configuration list for PBXProject "iBBasics" */ = {
			isa = XCConfigurationList;
			buildConfigurations = (
				402E8B961FCCAC9F00C81A42 /* Debug */,
				402E8B971FCCAC9F00C81A42 /* Release */,
			);
			defaultConfigurationIsVisible = 0;
			defaultConfigurationName = Release;
		};
		402E8B981FCCAC9F00C81A42 /* Build configuration list for PBXNativeTarget "iBBasics" */ = {
			isa = XCConfigurationList;
			buildConfigurations = (
				402E8B991FCCAC9F00C81A42 /* Debug */,
				402E8B9A1FCCAC9F00C81A42 /* Release */,
			);
			defaultConfigurationIsVisible = 0;
			defaultConfigurationName = Release;
		};
		402E8B9B1FCCAC9F00C81A42 /* Build configuration list for PBXNativeTarget "iBBasicsTests" */ = {
			isa = XCConfigurationList;
			buildConfigurations = (
				402E8B9C1FCCAC9F00C81A42 /* Debug */,
				402E8B9D1FCCAC9F00C81A42 /* Release */,
			);
			defaultConfigurationIsVisible = 0;
			defaultConfigurationName = Release;
		};
		402E8B9E1FCCAC9F00C81A42 /* Build configuration list for PBXNativeTarget "iBBasicsUITests" */ = {
			isa = XCConfigurationList;
			buildConfigurations = (
				402E8B9F1FCCAC9F00C81A42 /* Debug */,
				402E8BA01FCCAC9F00C81A42 /* Release */,
			);
			defaultConfigurationIsVisible = 0;
			defaultConfigurationName = Release;
		};
/* End XCConfigurationList section */
	};
	rootObject = 402E8B681FCCAC9E00C81A42 /* Project object */;
}
